PODS:
  - "appcheck (1.5.4+1)":
    - Flutter
  - coinbase_wallet_sdk (0.0.1):
    - CoinbaseWalletSDK/CrossPlatform (= 1.0.4)
    - Flutter
  - CoinbaseWalletSDK/Client (1.0.4)
  - CoinbaseWalletSDK/CrossPlatform (1.0.4):
    - CoinbaseWalletSDK/Client
  - connectivity_plus (0.0.1):
    - Flutter
  - DKImagePickerController/Core (4.3.9):
    - DKImagePickerController/ImageDataManager
    - DKImagePickerController/Resource
  - DKImagePickerController/ImageDataManager (4.3.9)
  - DKImagePickerController/PhotoGallery (4.3.9):
    - DKImagePickerController/Core
    - DKPhotoGallery
  - DKImagePickerController/Resource (4.3.9)
  - DKPhotoGallery (0.0.19):
    - DKPhotoGallery/Core (= 0.0.19)
    - DKPhotoGallery/Model (= 0.0.19)
    - DKPhotoGallery/Preview (= 0.0.19)
    - DKPhotoGallery/Resource (= 0.0.19)
    - SDWebImage
    - SwiftyGif
  - DKPhotoGallery/Core (0.0.19):
    - DKPhotoGallery/Model
    - DKPhotoGallery/Preview
    - SDWebImage
    - SwiftyGif
  - DKPhotoGallery/Model (0.0.19):
    - SDWebImage
    - SwiftyGif
  - DKPhotoGallery/Preview (0.0.19):
    - DKPhotoGallery/Model
    - DKPhotoGallery/Resource
    - SDWebImage
    - SwiftyGif
  - DKPhotoGallery/Resource (0.0.19):
    - SDWebImage
    - SwiftyGif
  - Factory (2.4.3)
  - file_picker (0.0.1):
    - DKImagePickerController/PhotoGallery
    - Flutter
  - Firebase/CoreOnly (11.10.0):
    - FirebaseCore (~> 11.10.0)
  - Firebase/Messaging (11.10.0):
    - Firebase/CoreOnly
    - FirebaseMessaging (~> 11.10.0)
  - firebase_core (3.13.0):
    - Firebase/CoreOnly (= 11.10.0)
    - Flutter
  - firebase_messaging (15.1.0):
    - Firebase/Messaging (= 11.10.0)
    - firebase_core
    - Flutter
  - FirebaseCore (11.10.0):
    - FirebaseCoreInternal (~> 11.10.0)
    - GoogleUtilities/Environment (~> 8.0)
    - GoogleUtilities/Logger (~> 8.0)
  - FirebaseCoreInternal (11.10.0):
    - "GoogleUtilities/NSData+zlib (~> 8.0)"
  - FirebaseInstallations (11.10.0):
    - FirebaseCore (~> 11.10.0)
    - GoogleUtilities/Environment (~> 8.0)
    - GoogleUtilities/UserDefaults (~> 8.0)
    - PromisesObjC (~> 2.4)
  - FirebaseMessaging (11.10.0):
    - FirebaseCore (~> 11.10.0)
    - FirebaseInstallations (~> 11.0)
    - GoogleDataTransport (~> 10.0)
    - GoogleUtilities/AppDelegateSwizzler (~> 8.0)
    - GoogleUtilities/Environment (~> 8.0)
    - GoogleUtilities/Reachability (~> 8.0)
    - GoogleUtilities/UserDefaults (~> 8.0)
    - nanopb (~> 3.30910.0)
  - Flutter (1.0.0)
  - flutter_native_splash (2.4.3):
    - Flutter
  - flutter_secure_storage (6.0.0):
    - Flutter
  - GoogleDataTransport (10.1.0):
    - nanopb (~> 3.30910.0)
    - PromisesObjC (~> 2.4)
  - GoogleUtilities/AppDelegateSwizzler (8.0.2):
    - GoogleUtilities/Environment
    - GoogleUtilities/Logger
    - GoogleUtilities/Network
    - GoogleUtilities/Privacy
  - GoogleUtilities/Environment (8.0.2):
    - GoogleUtilities/Privacy
  - GoogleUtilities/Logger (8.0.2):
    - GoogleUtilities/Environment
    - GoogleUtilities/Privacy
  - GoogleUtilities/Network (8.0.2):
    - GoogleUtilities/Logger
    - "GoogleUtilities/NSData+zlib"
    - GoogleUtilities/Privacy
    - GoogleUtilities/Reachability
  - "GoogleUtilities/NSData+zlib (8.0.2)":
    - GoogleUtilities/Privacy
  - GoogleUtilities/Privacy (8.0.2)
  - GoogleUtilities/Reachability (8.0.2):
    - GoogleUtilities/Logger
    - GoogleUtilities/Privacy
  - GoogleUtilities/UserDefaults (8.0.2):
    - GoogleUtilities/Logger
    - GoogleUtilities/Privacy
  - image_picker_ios (0.0.1):
    - Flutter
  - mobile_scanner (7.0.0):
    - Flutter
    - FlutterMacOS
  - nanopb (3.30910.0):
    - nanopb/decode (= 3.30910.0)
    - nanopb/encode (= 3.30910.0)
  - nanopb/decode (3.30910.0)
  - nanopb/encode (3.30910.0)
  - native_ios_dialog (0.0.1):
    - Flutter
  - nfc_manager (0.0.1):
    - Flutter
  - package_info_plus (0.4.5):
    - Flutter
  - path_provider_foundation (0.0.1):
    - Flutter
    - FlutterMacOS
  - privy_flutter (0.0.1):
    - Factory (= 2.4.3)
    - Flutter
    - PrivySDK (= 2.10.1)
  - PrivySDK (2.10.1)
  - PromisesObjC (2.4.0)
  - SDWebImage (5.21.0):
    - SDWebImage/Core (= 5.21.0)
  - SDWebImage/Core (5.21.0)
  - Sentry/HybridSDK (8.46.0)
  - sentry_flutter (8.14.1):
    - Flutter
    - FlutterMacOS
    - Sentry/HybridSDK (= 8.46.0)
  - shared_preferences_foundation (0.0.1):
    - Flutter
    - FlutterMacOS
  - smart_auth (0.0.1):
    - Flutter
  - sqflite_darwin (0.0.4):
    - Flutter
    - FlutterMacOS
  - SwiftyGif (5.4.5)
  - url_launcher_ios (0.0.1):
    - Flutter
  - video_player_avfoundation (0.0.1):
    - Flutter
    - FlutterMacOS
  - webview_flutter_wkwebview (0.0.1):
    - Flutter
    - FlutterMacOS

DEPENDENCIES:
  - appcheck (from `.symlinks/plugins/appcheck/ios`)
  - coinbase_wallet_sdk (from `.symlinks/plugins/coinbase_wallet_sdk/ios`)
  - connectivity_plus (from `.symlinks/plugins/connectivity_plus/ios`)
  - file_picker (from `.symlinks/plugins/file_picker/ios`)
  - firebase_core (from `.symlinks/plugins/firebase_core/ios`)
  - firebase_messaging (from `.symlinks/plugins/firebase_messaging/ios`)
  - Flutter (from `Flutter`)
  - flutter_native_splash (from `.symlinks/plugins/flutter_native_splash/ios`)
  - flutter_secure_storage (from `.symlinks/plugins/flutter_secure_storage/ios`)
  - image_picker_ios (from `.symlinks/plugins/image_picker_ios/ios`)
  - mobile_scanner (from `.symlinks/plugins/mobile_scanner/darwin`)
  - native_ios_dialog (from `.symlinks/plugins/native_ios_dialog/ios`)
  - nfc_manager (from `.symlinks/plugins/nfc_manager/ios`)
  - package_info_plus (from `.symlinks/plugins/package_info_plus/ios`)
  - path_provider_foundation (from `.symlinks/plugins/path_provider_foundation/darwin`)
  - privy_flutter (from `.symlinks/plugins/privy_flutter/ios`)
  - sentry_flutter (from `.symlinks/plugins/sentry_flutter/ios`)
  - shared_preferences_foundation (from `.symlinks/plugins/shared_preferences_foundation/darwin`)
  - smart_auth (from `.symlinks/plugins/smart_auth/ios`)
  - sqflite_darwin (from `.symlinks/plugins/sqflite_darwin/darwin`)
  - url_launcher_ios (from `.symlinks/plugins/url_launcher_ios/ios`)
  - video_player_avfoundation (from `.symlinks/plugins/video_player_avfoundation/darwin`)
  - webview_flutter_wkwebview (from `.symlinks/plugins/webview_flutter_wkwebview/darwin`)

SPEC REPOS:
  trunk:
    - CoinbaseWalletSDK
    - DKImagePickerController
    - DKPhotoGallery
    - Factory
    - Firebase
    - FirebaseCore
    - FirebaseCoreInternal
    - FirebaseInstallations
    - FirebaseMessaging
    - GoogleDataTransport
    - GoogleUtilities
    - nanopb
    - PrivySDK
    - PromisesObjC
    - SDWebImage
    - Sentry
    - SwiftyGif

EXTERNAL SOURCES:
  appcheck:
    :path: ".symlinks/plugins/appcheck/ios"
  coinbase_wallet_sdk:
    :path: ".symlinks/plugins/coinbase_wallet_sdk/ios"
  connectivity_plus:
    :path: ".symlinks/plugins/connectivity_plus/ios"
  file_picker:
    :path: ".symlinks/plugins/file_picker/ios"
  firebase_core:
    :path: ".symlinks/plugins/firebase_core/ios"
  firebase_messaging:
    :path: ".symlinks/plugins/firebase_messaging/ios"
  Flutter:
    :path: Flutter
  flutter_native_splash:
    :path: ".symlinks/plugins/flutter_native_splash/ios"
  flutter_secure_storage:
    :path: ".symlinks/plugins/flutter_secure_storage/ios"
  image_picker_ios:
    :path: ".symlinks/plugins/image_picker_ios/ios"
  mobile_scanner:
    :path: ".symlinks/plugins/mobile_scanner/darwin"
  native_ios_dialog:
    :path: ".symlinks/plugins/native_ios_dialog/ios"
  nfc_manager:
    :path: ".symlinks/plugins/nfc_manager/ios"
  package_info_plus:
    :path: ".symlinks/plugins/package_info_plus/ios"
  path_provider_foundation:
    :path: ".symlinks/plugins/path_provider_foundation/darwin"
  privy_flutter:
    :path: ".symlinks/plugins/privy_flutter/ios"
  sentry_flutter:
    :path: ".symlinks/plugins/sentry_flutter/ios"
  shared_preferences_foundation:
    :path: ".symlinks/plugins/shared_preferences_foundation/darwin"
  smart_auth:
    :path: ".symlinks/plugins/smart_auth/ios"
  sqflite_darwin:
    :path: ".symlinks/plugins/sqflite_darwin/darwin"
  url_launcher_ios:
    :path: ".symlinks/plugins/url_launcher_ios/ios"
  video_player_avfoundation:
    :path: ".symlinks/plugins/video_player_avfoundation/darwin"
  webview_flutter_wkwebview:
    :path: ".symlinks/plugins/webview_flutter_wkwebview/darwin"

SPEC CHECKSUMS:
  appcheck: 3c94d0ffc94bd639938cac7427d5b13df2795404
  coinbase_wallet_sdk: c893738400ef78bd20e7f4195cbb38266f7d15e8
  CoinbaseWalletSDK: ea1f37512bbc69ebe07416e3b29bf840f5cc3152
  connectivity_plus: cb623214f4e1f6ef8fe7403d580fdad517d2f7dd
  DKImagePickerController: 946cec48c7873164274ecc4624d19e3da4c1ef3c
  DKPhotoGallery: b3834fecb755ee09a593d7c9e389d8b5d6deed60
  Factory: 9d20d8cb56fc44b341d6dad1cf67dc93e9ae7788
  file_picker: a0560bc09d61de87f12d246fc47d2119e6ef37be
  Firebase: 1fe1c0a7d9aaea32efe01fbea5f0ebd8d70e53a2
  firebase_core: 2d4534e7b489907dcede540c835b48981d890943
  firebase_messaging: 02c4ee8deb4f756698a659855c16c66c12c29921
  FirebaseCore: 8344daef5e2661eb004b177488d6f9f0f24251b7
  FirebaseCoreInternal: ef4505d2afb1d0ebbc33162cb3795382904b5679
  FirebaseInstallations: 9980995bdd06ec8081dfb6ab364162bdd64245c3
  FirebaseMessaging: 2b9f56aa4ed286e1f0ce2ee1d413aabb8f9f5cb9
  Flutter: cabc95a1d2626b1b06e7179b784ebcf0c0cde467
  flutter_native_splash: 6cad9122ea0fad137d23137dd14b937f3e90b145
  flutter_secure_storage: 1ed9476fba7e7a782b22888f956cce43e2c62f13
  GoogleDataTransport: aae35b7ea0c09004c3797d53c8c41f66f219d6a7
  GoogleUtilities: 26a3abef001b6533cf678d3eb38fd3f614b7872d
  image_picker_ios: 7fe1ff8e34c1790d6fff70a32484959f563a928a
  mobile_scanner: 9157936403f5a0644ca3779a38ff8404c5434a93
  nanopb: fad817b59e0457d11a5dfbde799381cd727c1275
  native_ios_dialog: aae8e50ef844681b052d45268c67572254ec8a32
  nfc_manager: f6d5609c09b4640b914a3dc67479a2e392965fd0
  package_info_plus: af8e2ca6888548050f16fa2f1938db7b5a5df499
  path_provider_foundation: 080d55be775b7414fd5a5ef3ac137b97b097e564
  privy_flutter: ab3a42d60ccebcb608a4017eae79a107071e352c
  PrivySDK: c23a01dadfba43d5905c631c62f2ef686acd06c1
  PromisesObjC: f5707f49cb48b9636751c5b2e7d227e43fba9f47
  SDWebImage: f84b0feeb08d2d11e6a9b843cb06d75ebf5b8868
  Sentry: da60d980b197a46db0b35ea12cb8f39af48d8854
  sentry_flutter: 942017adbe00f963061cb11ec260414a990b7a42
  shared_preferences_foundation: 9e1978ff2562383bd5676f64ec4e9aa8fa06a6f7
  smart_auth: 33668081c5f646af84f10492a067d25fdcd16951
  sqflite_darwin: 20b2a3a3b70e43edae938624ce550a3cbf66a3d0
  SwiftyGif: 706c60cf65fa2bc5ee0313beece843c8eb8194d4
  url_launcher_ios: 694010445543906933d732453a59da0a173ae33d
  video_player_avfoundation: 2cef49524dd1f16c5300b9cd6efd9611ce03639b
  webview_flutter_wkwebview: 44d4dee7d7056d5ad185d25b38404436d56c547c

PODFILE CHECKSUM: 5a367937f10bf0c459576e5e472a1159ee029c13

COCOAPODS: 1.16.2
